// !$*UTF8*$!
{
	archiveVersion = 1;
	classes = {
	};
	objectVersion = 46;
	objects = {

/* Begin PBXBuildFile section */
		D407845C1C99641A00051471 /* UITabBarController+TT.swift in Sources */ = {isa = PBXBuildFile; fileRef = D407845B1C99641A00051471 /* UITabBarController+TT.swift */; };
		D42F24071C9653040048273E /* Proposer.swift in Sources */ = {isa = PBXBuildFile; fileRef = D42F24061C9653040048273E /* Proposer.swift */; };
		D4922AF31C9663ED002E2D5A /* DesignableButton.swift in Sources */ = {isa = PBXBuildFile; fileRef = D4922AF21C9663ED002E2D5A /* DesignableButton.swift */; };
		D4B157B51C95468700FE98EA /* UIApplication+TT.swift in Sources */ = {isa = PBXBuildFile; fileRef = D4B157B41C95468700FE98EA /* UIApplication+TT.swift */; };
		D4B157B71C954C4F00FE98EA /* UIColor+TT.swift in Sources */ = {isa = PBXBuildFile; fileRef = D4B157B61C954C4F00FE98EA /* UIColor+TT.swift */; };
		D4B157B91C95537800FE98EA /* UIDevice+TT.swift in Sources */ = {isa = PBXBuildFile; fileRef = D4B157B81C95537800FE98EA /* UIDevice+TT.swift */; };
		D4B157BB1C955CFC00FE98EA /* UIScreen+TT.swift in Sources */ = {isa = PBXBuildFile; fileRef = D4B157BA1C955CFC00FE98EA /* UIScreen+TT.swift */; };
		D4B157BF1C95640400FE98EA /* UIView+TT.swift in Sources */ = {isa = PBXBuildFile; fileRef = D4B157BE1C95640400FE98EA /* UIView+TT.swift */; };
		D4B51A521C81C75E00B53FF9 /* AVAudioPlayer+ClosureKit.swift in Sources */ = {isa = PBXBuildFile; fileRef = D4B51A451C81C75E00B53FF9 /* AVAudioPlayer+ClosureKit.swift */; };
		D4B51A531C81C75E00B53FF9 /* AVSpeechSynthesizer+ClosureKit.swift in Sources */ = {isa = PBXBuildFile; fileRef = D4B51A461C81C75E00B53FF9 /* AVSpeechSynthesizer+ClosureKit.swift */; };
		D4B51A541C81C75E00B53FF9 /* CADisplayLink+ClosureKit.swift in Sources */ = {isa = PBXBuildFile; fileRef = D4B51A471C81C75E00B53FF9 /* CADisplayLink+ClosureKit.swift */; };
		D4B51A551C81C75E00B53FF9 /* CLLocationManager+ClosureKit.swift in Sources */ = {isa = PBXBuildFile; fileRef = D4B51A481C81C75E00B53FF9 /* CLLocationManager+ClosureKit.swift */; };
		D4B51A561C81C75E00B53FF9 /* MFMailComposeViewController+ClosureKit.swift in Sources */ = {isa = PBXBuildFile; fileRef = D4B51A491C81C75E00B53FF9 /* MFMailComposeViewController+ClosureKit.swift */; };
		D4B51A571C81C75E00B53FF9 /* MFMessageComposeViewController+ClosureKit.swift in Sources */ = {isa = PBXBuildFile; fileRef = D4B51A4A1C81C75E00B53FF9 /* MFMessageComposeViewController+ClosureKit.swift */; };
		D4B51A581C81C75E00B53FF9 /* NSObject+ClosureKit.swift in Sources */ = {isa = PBXBuildFile; fileRef = D4B51A4B1C81C75E00B53FF9 /* NSObject+ClosureKit.swift */; };
		D4B51A591C81C75E00B53FF9 /* NSTimer+ClosureKit.swift in Sources */ = {isa = PBXBuildFile; fileRef = D4B51A4C1C81C75E00B53FF9 /* NSTimer+ClosureKit.swift */; };
		D4B51A5A1C81C75E00B53FF9 /* UIBarButtonItem+ClosureKit.swift in Sources */ = {isa = PBXBuildFile; fileRef = D4B51A4D1C81C75E00B53FF9 /* UIBarButtonItem+ClosureKit.swift */; };
		D4B51A5B1C81C75E00B53FF9 /* UIControl+ClosureKit.swift in Sources */ = {isa = PBXBuildFile; fileRef = D4B51A4E1C81C75E00B53FF9 /* UIControl+ClosureKit.swift */; };
		D4B51A5C1C81C75E00B53FF9 /* UIGestureRecognizer+ClosureKit.swift in Sources */ = {isa = PBXBuildFile; fileRef = D4B51A4F1C81C75E00B53FF9 /* UIGestureRecognizer+ClosureKit.swift */; };
		D4B51A5D1C81C75E00B53FF9 /* UIImagePickerController+ClosureKit.swift in Sources */ = {isa = PBXBuildFile; fileRef = D4B51A501C81C75E00B53FF9 /* UIImagePickerController+ClosureKit.swift */; };
		D4B51A5E1C81C75E00B53FF9 /* UIWebView+ClosureKit.swift in Sources */ = {isa = PBXBuildFile; fileRef = D4B51A511C81C75E00B53FF9 /* UIWebView+ClosureKit.swift */; };
		D4CBEB061C990B4A002EDE45 /* UIButton+TT.swift in Sources */ = {isa = PBXBuildFile; fileRef = D4CBEB051C990B4A002EDE45 /* UIButton+TT.swift */; };
		D4CBEB0A1C991523002EDE45 /* LocalNotifycation.swift in Sources */ = {isa = PBXBuildFile; fileRef = D4CBEB091C991523002EDE45 /* LocalNotifycation.swift */; };
		D4F6F4171C9573090060D4CC /* UIImage+TT.swift in Sources */ = {isa = PBXBuildFile; fileRef = D4F6F4161C9573090060D4CC /* UIImage+TT.swift */; };
		D4F6F4211C9599550060D4CC /* Dictionary_Initializers.swift in Sources */ = {isa = PBXBuildFile; fileRef = D4F6F4191C9599550060D4CC /* Dictionary_Initializers.swift */; };
		D4F6F4221C9599550060D4CC /* Locksmith.swift in Sources */ = {isa = PBXBuildFile; fileRef = D4F6F41B1C9599550060D4CC /* Locksmith.swift */; };
		D4F6F4231C9599550060D4CC /* LocksmithAccessibleOption.swift in Sources */ = {isa = PBXBuildFile; fileRef = D4F6F41C1C9599550060D4CC /* LocksmithAccessibleOption.swift */; };
		D4F6F4241C9599550060D4CC /* LocksmithError.swift in Sources */ = {isa = PBXBuildFile; fileRef = D4F6F41D1C9599550060D4CC /* LocksmithError.swift */; };
		D4F6F4251C9599550060D4CC /* LocksmithInternetAuthenticationType.swift in Sources */ = {isa = PBXBuildFile; fileRef = D4F6F41E1C9599550060D4CC /* LocksmithInternetAuthenticationType.swift */; };
		D4F6F4261C9599550060D4CC /* LocksmithInternetProtocol.swift in Sources */ = {isa = PBXBuildFile; fileRef = D4F6F41F1C9599550060D4CC /* LocksmithInternetProtocol.swift */; };
		D4F6F4271C9599550060D4CC /* LocksmithSecurityClass.swift in Sources */ = {isa = PBXBuildFile; fileRef = D4F6F4201C9599550060D4CC /* LocksmithSecurityClass.swift */; };
		D4F6F42C1C959A310060D4CC /* CirCleView.swift in Sources */ = {isa = PBXBuildFile; fileRef = D4F6F4291C959A310060D4CC /* CirCleView.swift */; };
		D4F6F42D1C959A310060D4CC /* TTPagingScrollView.swift in Sources */ = {isa = PBXBuildFile; fileRef = D4F6F42B1C959A310060D4CC /* TTPagingScrollView.swift */; };
		D4F6F42F1C959A7C0060D4CC /* NSTimer+CirCleView.swift in Sources */ = {isa = PBXBuildFile; fileRef = D4F6F42E1C959A7C0060D4CC /* NSTimer+CirCleView.swift */; };
		D4F810021C9841FF0071C794 /* TTAnimate.swift in Sources */ = {isa = PBXBuildFile; fileRef = D4F810001C9841FF0071C794 /* TTAnimate.swift */; };
		D4F810031C9841FF0071C794 /* UIView+TTAnimate.swift in Sources */ = {isa = PBXBuildFile; fileRef = D4F810011C9841FF0071C794 /* UIView+TTAnimate.swift */; };
		D4F868BB1C7D509A0046D723 /* AppDelegate.swift in Sources */ = {isa = PBXBuildFile; fileRef = D4F868BA1C7D509A0046D723 /* AppDelegate.swift */; };
		D4F868BD1C7D509A0046D723 /* ViewController.swift in Sources */ = {isa = PBXBuildFile; fileRef = D4F868BC1C7D509A0046D723 /* ViewController.swift */; };
		D4F868C01C7D509A0046D723 /* Main.storyboard in Resources */ = {isa = PBXBuildFile; fileRef = D4F868BE1C7D509A0046D723 /* Main.storyboard */; };
		D4F868C21C7D509A0046D723 /* Assets.xcassets in Resources */ = {isa = PBXBuildFile; fileRef = D4F868C11C7D509A0046D723 /* Assets.xcassets */; };
		D4F868C51C7D509A0046D723 /* LaunchScreen.storyboard in Resources */ = {isa = PBXBuildFile; fileRef = D4F868C31C7D509A0046D723 /* LaunchScreen.storyboard */; };
		D4F869211C7D51E50046D723 /* NSArray+TS.swift in Sources */ = {isa = PBXBuildFile; fileRef = D4F868DB1C7D51E50046D723 /* NSArray+TS.swift */; };
		D4F869221C7D51E50046D723 /* NSDate+TS.swift in Sources */ = {isa = PBXBuildFile; fileRef = D4F868DC1C7D51E50046D723 /* NSDate+TS.swift */; };
		D4F869231C7D51E50046D723 /* NSDictionary+TS.swift in Sources */ = {isa = PBXBuildFile; fileRef = D4F868DD1C7D51E50046D723 /* NSDictionary+TS.swift */; };
		D4F869241C7D51E50046D723 /* NSNotificationCenter+TS.swift in Sources */ = {isa = PBXBuildFile; fileRef = D4F868DE1C7D51E50046D723 /* NSNotificationCenter+TS.swift */; };
		D4F869251C7D51E50046D723 /* NSString+TS.swift in Sources */ = {isa = PBXBuildFile; fileRef = D4F868DF1C7D51E50046D723 /* NSString+TS.swift */; };
		D4F869261C7D51E50046D723 /* NSTimer+TS.swift in Sources */ = {isa = PBXBuildFile; fileRef = D4F868E01C7D51E50046D723 /* NSTimer+TS.swift */; };
		D4F869271C7D51E50046D723 /* CALayer+TS.swift in Sources */ = {isa = PBXBuildFile; fileRef = D4F868E21C7D51E50046D723 /* CALayer+TS.swift */; };
		D4F869281C7D51E50046D723 /* CGPoint+TS.swift in Sources */ = {isa = PBXBuildFile; fileRef = D4F868E31C7D51E50046D723 /* CGPoint+TS.swift */; };
		D4F869291C7D51E50046D723 /* CGRect+TS.swift in Sources */ = {isa = PBXBuildFile; fileRef = D4F868E41C7D51E50046D723 /* CGRect+TS.swift */; };
		D4F8692A1C7D51E50046D723 /* CGSize+TS.swift in Sources */ = {isa = PBXBuildFile; fileRef = D4F868E51C7D51E50046D723 /* CGSize+TS.swift */; };
		D4F8692B1C7D51E50046D723 /* TSCGUtilities.swift in Sources */ = {isa = PBXBuildFile; fileRef = D4F868E61C7D51E50046D723 /* TSCGUtilities.swift */; };
		D4F8692C1C7D51E50046D723 /* UIEdgeInsets+TS.swift in Sources */ = {isa = PBXBuildFile; fileRef = D4F868E71C7D51E50046D723 /* UIEdgeInsets+TS.swift */; };
		D4F8692D1C7D51E50046D723 /* Float+TS.swift in Sources */ = {isa = PBXBuildFile; fileRef = D4F868E91C7D51E50046D723 /* Float+TS.swift */; };
		D4F869671C7D56770046D723 /* FormBuilder.swift in Sources */ = {isa = PBXBuildFile; fileRef = D4F8694C1C7D56770046D723 /* FormBuilder.swift */; };
		D4F869681C7D56770046D723 /* FormCitySelectViewController.swift in Sources */ = {isa = PBXBuildFile; fileRef = D4F8694D1C7D56770046D723 /* FormCitySelectViewController.swift */; };
		D4F869691C7D56770046D723 /* FormDataDelegate.swift in Sources */ = {isa = PBXBuildFile; fileRef = D4F8694E1C7D56770046D723 /* FormDataDelegate.swift */; };
		D4F8696A1C7D56770046D723 /* FormProtocol.swift in Sources */ = {isa = PBXBuildFile; fileRef = D4F8694F1C7D56770046D723 /* FormProtocol.swift */; };
		D4F8696B1C7D56770046D723 /* FormSection.swift in Sources */ = {isa = PBXBuildFile; fileRef = D4F869501C7D56770046D723 /* FormSection.swift */; };
		D4F8696C1C7D56770046D723 /* FormSelectViewController.swift in Sources */ = {isa = PBXBuildFile; fileRef = D4F869511C7D56770046D723 /* FormSelectViewController.swift */; };
		D4F8696D1C7D56770046D723 /* FormTextInputController.swift in Sources */ = {isa = PBXBuildFile; fileRef = D4F869521C7D56770046D723 /* FormTextInputController.swift */; };
		D4F8696E1C7D56770046D723 /* FormUtils.swift in Sources */ = {isa = PBXBuildFile; fileRef = D4F869531C7D56770046D723 /* FormUtils.swift */; };
		D4F8696F1C7D56770046D723 /* FormValidateResult.swift in Sources */ = {isa = PBXBuildFile; fileRef = D4F869541C7D56770046D723 /* FormValidateResult.swift */; };
		D4F869701C7D56770046D723 /* FormViewController.swift in Sources */ = {isa = PBXBuildFile; fileRef = D4F869551C7D56770046D723 /* FormViewController.swift */; };
		D4F869711C7D56770046D723 /* FormBaseCell.swift in Sources */ = {isa = PBXBuildFile; fileRef = D4F869571C7D56770046D723 /* FormBaseCell.swift */; };
		D4F869721C7D56770046D723 /* FormButtonCell.swift in Sources */ = {isa = PBXBuildFile; fileRef = D4F869581C7D56770046D723 /* FormButtonCell.swift */; };
		D4F869731C7D56770046D723 /* FormCheckCell.swift in Sources */ = {isa = PBXBuildFile; fileRef = D4F869591C7D56770046D723 /* FormCheckCell.swift */; };
		D4F869741C7D56770046D723 /* FormCitySelectCell.swift in Sources */ = {isa = PBXBuildFile; fileRef = D4F8695A1C7D56770046D723 /* FormCitySelectCell.swift */; };
		D4F869751C7D56770046D723 /* FormLabelCell.swift in Sources */ = {isa = PBXBuildFile; fileRef = D4F8695B1C7D56770046D723 /* FormLabelCell.swift */; };
		D4F869761C7D56770046D723 /* FormOptionTextCell.swift in Sources */ = {isa = PBXBuildFile; fileRef = D4F8695C1C7D56770046D723 /* FormOptionTextCell.swift */; };
		D4F869771C7D56770046D723 /* FormSegmentedCell.swift in Sources */ = {isa = PBXBuildFile; fileRef = D4F8695D1C7D56770046D723 /* FormSegmentedCell.swift */; };
		D4F869781C7D56770046D723 /* FormSwicthCell.swift in Sources */ = {isa = PBXBuildFile; fileRef = D4F8695E1C7D56770046D723 /* FormSwicthCell.swift */; };
		D4F869791C7D56770046D723 /* FormTextFieldCell.swift in Sources */ = {isa = PBXBuildFile; fileRef = D4F8695F1C7D56770046D723 /* FormTextFieldCell.swift */; };
		D4F8697A1C7D56770046D723 /* FormTextInputCell.swift in Sources */ = {isa = PBXBuildFile; fileRef = D4F869601C7D56770046D723 /* FormTextInputCell.swift */; };
		D4F8697B1C7D56770046D723 /* TestNibCell.swift in Sources */ = {isa = PBXBuildFile; fileRef = D4F869611C7D56770046D723 /* TestNibCell.swift */; };
		D4F8697C1C7D56770046D723 /* TestNibCell.xib in Resources */ = {isa = PBXBuildFile; fileRef = D4F869621C7D56770046D723 /* TestNibCell.xib */; };
		D4F8697D1C7D56770046D723 /* area.plist in Resources */ = {isa = PBXBuildFile; fileRef = D4F869641C7D56770046D723 /* area.plist */; };
		D4F8697E1C7D56770046D723 /* KeyboardMan.swift in Sources */ = {isa = PBXBuildFile; fileRef = D4F869661C7D56770046D723 /* KeyboardMan.swift */; };
		D4F869811C7D5A4C0046D723 /* WeChatViewController.swift in Sources */ = {isa = PBXBuildFile; fileRef = D4F869801C7D5A4C0046D723 /* WeChatViewController.swift */; };
		D4F869851C7D5D000046D723 /* WeChatSettingController.swift in Sources */ = {isa = PBXBuildFile; fileRef = D4F869841C7D5D000046D723 /* WeChatSettingController.swift */; };
/* End PBXBuildFile section */

/* Begin PBXFileReference section */
		D407845B1C99641A00051471 /* UITabBarController+TT.swift */ = {isa = PBXFileReference; fileEncoding = 4; lastKnownFileType = sourcecode.swift; path = "UITabBarController+TT.swift"; sourceTree = "<group>"; };
		D42F24061C9653040048273E /* Proposer.swift */ = {isa = PBXFileReference; fileEncoding = 4; lastKnownFileType = sourcecode.swift; path = Proposer.swift; sourceTree = "<group>"; };
		D4922AF21C9663ED002E2D5A /* DesignableButton.swift */ = {isa = PBXFileReference; fileEncoding = 4; lastKnownFileType = sourcecode.swift; path = DesignableButton.swift; sourceTree = "<group>"; };
		D4B157B41C95468700FE98EA /* UIApplication+TT.swift */ = {isa = PBXFileReference; fileEncoding = 4; lastKnownFileType = sourcecode.swift; path = "UIApplication+TT.swift"; sourceTree = "<group>"; };
		D4B157B61C954C4F00FE98EA /* UIColor+TT.swift */ = {isa = PBXFileReference; fileEncoding = 4; lastKnownFileType = sourcecode.swift; path = "UIColor+TT.swift"; sourceTree = "<group>"; };
		D4B157B81C95537800FE98EA /* UIDevice+TT.swift */ = {isa = PBXFileReference; fileEncoding = 4; lastKnownFileType = sourcecode.swift; path = "UIDevice+TT.swift"; sourceTree = "<group>"; };
		D4B157BA1C955CFC00FE98EA /* UIScreen+TT.swift */ = {isa = PBXFileReference; fileEncoding = 4; lastKnownFileType = sourcecode.swift; path = "UIScreen+TT.swift"; sourceTree = "<group>"; };
		D4B157BE1C95640400FE98EA /* UIView+TT.swift */ = {isa = PBXFileReference; fileEncoding = 4; lastKnownFileType = sourcecode.swift; path = "UIView+TT.swift"; sourceTree = "<group>"; };
		D4B51A451C81C75E00B53FF9 /* AVAudioPlayer+ClosureKit.swift */ = {isa = PBXFileReference; fileEncoding = 4; lastKnownFileType = sourcecode.swift; path = "AVAudioPlayer+ClosureKit.swift"; sourceTree = "<group>"; };
		D4B51A461C81C75E00B53FF9 /* AVSpeechSynthesizer+ClosureKit.swift */ = {isa = PBXFileReference; fileEncoding = 4; lastKnownFileType = sourcecode.swift; path = "AVSpeechSynthesizer+ClosureKit.swift"; sourceTree = "<group>"; };
		D4B51A471C81C75E00B53FF9 /* CADisplayLink+ClosureKit.swift */ = {isa = PBXFileReference; fileEncoding = 4; lastKnownFileType = sourcecode.swift; path = "CADisplayLink+ClosureKit.swift"; sourceTree = "<group>"; };
		D4B51A481C81C75E00B53FF9 /* CLLocationManager+ClosureKit.swift */ = {isa = PBXFileReference; fileEncoding = 4; lastKnownFileType = sourcecode.swift; path = "CLLocationManager+ClosureKit.swift"; sourceTree = "<group>"; };
		D4B51A491C81C75E00B53FF9 /* MFMailComposeViewController+ClosureKit.swift */ = {isa = PBXFileReference; fileEncoding = 4; lastKnownFileType = sourcecode.swift; path = "MFMailComposeViewController+ClosureKit.swift"; sourceTree = "<group>"; };
		D4B51A4A1C81C75E00B53FF9 /* MFMessageComposeViewController+ClosureKit.swift */ = {isa = PBXFileReference; fileEncoding = 4; lastKnownFileType = sourcecode.swift; path = "MFMessageComposeViewController+ClosureKit.swift"; sourceTree = "<group>"; };
		D4B51A4B1C81C75E00B53FF9 /* NSObject+ClosureKit.swift */ = {isa = PBXFileReference; fileEncoding = 4; lastKnownFileType = sourcecode.swift; path = "NSObject+ClosureKit.swift"; sourceTree = "<group>"; };
		D4B51A4C1C81C75E00B53FF9 /* NSTimer+ClosureKit.swift */ = {isa = PBXFileReference; fileEncoding = 4; lastKnownFileType = sourcecode.swift; path = "NSTimer+ClosureKit.swift"; sourceTree = "<group>"; };
		D4B51A4D1C81C75E00B53FF9 /* UIBarButtonItem+ClosureKit.swift */ = {isa = PBXFileReference; fileEncoding = 4; lastKnownFileType = sourcecode.swift; path = "UIBarButtonItem+ClosureKit.swift"; sourceTree = "<group>"; };
		D4B51A4E1C81C75E00B53FF9 /* UIControl+ClosureKit.swift */ = {isa = PBXFileReference; fileEncoding = 4; lastKnownFileType = sourcecode.swift; path = "UIControl+ClosureKit.swift"; sourceTree = "<group>"; };
		D4B51A4F1C81C75E00B53FF9 /* UIGestureRecognizer+ClosureKit.swift */ = {isa = PBXFileReference; fileEncoding = 4; lastKnownFileType = sourcecode.swift; path = "UIGestureRecognizer+ClosureKit.swift"; sourceTree = "<group>"; };
		D4B51A501C81C75E00B53FF9 /* UIImagePickerController+ClosureKit.swift */ = {isa = PBXFileReference; fileEncoding = 4; lastKnownFileType = sourcecode.swift; path = "UIImagePickerController+ClosureKit.swift"; sourceTree = "<group>"; };
		D4B51A511C81C75E00B53FF9 /* UIWebView+ClosureKit.swift */ = {isa = PBXFileReference; fileEncoding = 4; lastKnownFileType = sourcecode.swift; path = "UIWebView+ClosureKit.swift"; sourceTree = "<group>"; };
		D4CBEB051C990B4A002EDE45 /* UIButton+TT.swift */ = {isa = PBXFileReference; fileEncoding = 4; lastKnownFileType = sourcecode.swift; path = "UIButton+TT.swift"; sourceTree = "<group>"; };
		D4CBEB091C991523002EDE45 /* LocalNotifycation.swift */ = {isa = PBXFileReference; fileEncoding = 4; lastKnownFileType = sourcecode.swift; path = LocalNotifycation.swift; sourceTree = "<group>"; };
		D4F6F4161C9573090060D4CC /* UIImage+TT.swift */ = {isa = PBXFileReference; fileEncoding = 4; lastKnownFileType = sourcecode.swift; path = "UIImage+TT.swift"; sourceTree = "<group>"; };
		D4F6F4191C9599550060D4CC /* Dictionary_Initializers.swift */ = {isa = PBXFileReference; fileEncoding = 4; lastKnownFileType = sourcecode.swift; path = Dictionary_Initializers.swift; sourceTree = "<group>"; };
		D4F6F41A1C9599550060D4CC /* Locksmith.h */ = {isa = PBXFileReference; fileEncoding = 4; lastKnownFileType = sourcecode.c.h; path = Locksmith.h; sourceTree = "<group>"; };
		D4F6F41B1C9599550060D4CC /* Locksmith.swift */ = {isa = PBXFileReference; fileEncoding = 4; lastKnownFileType = sourcecode.swift; path = Locksmith.swift; sourceTree = "<group>"; };
		D4F6F41C1C9599550060D4CC /* LocksmithAccessibleOption.swift */ = {isa = PBXFileReference; fileEncoding = 4; lastKnownFileType = sourcecode.swift; path = LocksmithAccessibleOption.swift; sourceTree = "<group>"; };
		D4F6F41D1C9599550060D4CC /* LocksmithError.swift */ = {isa = PBXFileReference; fileEncoding = 4; lastKnownFileType = sourcecode.swift; path = LocksmithError.swift; sourceTree = "<group>"; };
		D4F6F41E1C9599550060D4CC /* LocksmithInternetAuthenticationType.swift */ = {isa = PBXFileReference; fileEncoding = 4; lastKnownFileType = sourcecode.swift; path = LocksmithInternetAuthenticationType.swift; sourceTree = "<group>"; };
		D4F6F41F1C9599550060D4CC /* LocksmithInternetProtocol.swift */ = {isa = PBXFileReference; fileEncoding = 4; lastKnownFileType = sourcecode.swift; path = LocksmithInternetProtocol.swift; sourceTree = "<group>"; };
		D4F6F4201C9599550060D4CC /* LocksmithSecurityClass.swift */ = {isa = PBXFileReference; fileEncoding = 4; lastKnownFileType = sourcecode.swift; path = LocksmithSecurityClass.swift; sourceTree = "<group>"; };
		D4F6F4291C959A310060D4CC /* CirCleView.swift */ = {isa = PBXFileReference; fileEncoding = 4; lastKnownFileType = sourcecode.swift; path = CirCleView.swift; sourceTree = "<group>"; };
		D4F6F42B1C959A310060D4CC /* TTPagingScrollView.swift */ = {isa = PBXFileReference; fileEncoding = 4; lastKnownFileType = sourcecode.swift; path = TTPagingScrollView.swift; sourceTree = "<group>"; };
		D4F6F42E1C959A7C0060D4CC /* NSTimer+CirCleView.swift */ = {isa = PBXFileReference; fileEncoding = 4; lastKnownFileType = sourcecode.swift; path = "NSTimer+CirCleView.swift"; sourceTree = "<group>"; };
		D4F810001C9841FF0071C794 /* TTAnimate.swift */ = {isa = PBXFileReference; fileEncoding = 4; lastKnownFileType = sourcecode.swift; path = TTAnimate.swift; sourceTree = "<group>"; };
		D4F810011C9841FF0071C794 /* UIView+TTAnimate.swift */ = {isa = PBXFileReference; fileEncoding = 4; lastKnownFileType = sourcecode.swift; path = "UIView+TTAnimate.swift"; sourceTree = "<group>"; };
		D4F868B71C7D509A0046D723 /* TTKit.app */ = {isa = PBXFileReference; explicitFileType = wrapper.application; includeInIndex = 0; path = TTKit.app; sourceTree = BUILT_PRODUCTS_DIR; };
		D4F868BA1C7D509A0046D723 /* AppDelegate.swift */ = {isa = PBXFileReference; lastKnownFileType = sourcecode.swift; path = AppDelegate.swift; sourceTree = "<group>"; };
		D4F868BC1C7D509A0046D723 /* ViewController.swift */ = {isa = PBXFileReference; lastKnownFileType = sourcecode.swift; path = ViewController.swift; sourceTree = "<group>"; };
		D4F868BF1C7D509A0046D723 /* Base */ = {isa = PBXFileReference; lastKnownFileType = file.storyboard; name = Base; path = Base.lproj/Main.storyboard; sourceTree = "<group>"; };
		D4F868C11C7D509A0046D723 /* Assets.xcassets */ = {isa = PBXFileReference; lastKnownFileType = folder.assetcatalog; path = Assets.xcassets; sourceTree = "<group>"; };
		D4F868C41C7D509A0046D723 /* Base */ = {isa = PBXFileReference; lastKnownFileType = file.storyboard; name = Base; path = Base.lproj/LaunchScreen.storyboard; sourceTree = "<group>"; };
		D4F868C61C7D509A0046D723 /* Info.plist */ = {isa = PBXFileReference; lastKnownFileType = text.plist.xml; path = Info.plist; sourceTree = "<group>"; };
		D4F868DB1C7D51E50046D723 /* NSArray+TS.swift */ = {isa = PBXFileReference; fileEncoding = 4; lastKnownFileType = sourcecode.swift; path = "NSArray+TS.swift"; sourceTree = "<group>"; };
		D4F868DC1C7D51E50046D723 /* NSDate+TS.swift */ = {isa = PBXFileReference; fileEncoding = 4; lastKnownFileType = sourcecode.swift; path = "NSDate+TS.swift"; sourceTree = "<group>"; };
		D4F868DD1C7D51E50046D723 /* NSDictionary+TS.swift */ = {isa = PBXFileReference; fileEncoding = 4; lastKnownFileType = sourcecode.swift; path = "NSDictionary+TS.swift"; sourceTree = "<group>"; };
		D4F868DE1C7D51E50046D723 /* NSNotificationCenter+TS.swift */ = {isa = PBXFileReference; fileEncoding = 4; lastKnownFileType = sourcecode.swift; path = "NSNotificationCenter+TS.swift"; sourceTree = "<group>"; };
		D4F868DF1C7D51E50046D723 /* NSString+TS.swift */ = {isa = PBXFileReference; fileEncoding = 4; lastKnownFileType = sourcecode.swift; path = "NSString+TS.swift"; sourceTree = "<group>"; };
		D4F868E01C7D51E50046D723 /* NSTimer+TS.swift */ = {isa = PBXFileReference; fileEncoding = 4; lastKnownFileType = sourcecode.swift; path = "NSTimer+TS.swift"; sourceTree = "<group>"; };
		D4F868E21C7D51E50046D723 /* CALayer+TS.swift */ = {isa = PBXFileReference; fileEncoding = 4; lastKnownFileType = sourcecode.swift; path = "CALayer+TS.swift"; sourceTree = "<group>"; };
		D4F868E31C7D51E50046D723 /* CGPoint+TS.swift */ = {isa = PBXFileReference; fileEncoding = 4; lastKnownFileType = sourcecode.swift; path = "CGPoint+TS.swift"; sourceTree = "<group>"; };
		D4F868E41C7D51E50046D723 /* CGRect+TS.swift */ = {isa = PBXFileReference; fileEncoding = 4; lastKnownFileType = sourcecode.swift; path = "CGRect+TS.swift"; sourceTree = "<group>"; };
		D4F868E51C7D51E50046D723 /* CGSize+TS.swift */ = {isa = PBXFileReference; fileEncoding = 4; lastKnownFileType = sourcecode.swift; path = "CGSize+TS.swift"; sourceTree = "<group>"; };
		D4F868E61C7D51E50046D723 /* TSCGUtilities.swift */ = {isa = PBXFileReference; fileEncoding = 4; lastKnownFileType = sourcecode.swift; path = TSCGUtilities.swift; sourceTree = "<group>"; };
		D4F868E71C7D51E50046D723 /* UIEdgeInsets+TS.swift */ = {isa = PBXFileReference; fileEncoding = 4; lastKnownFileType = sourcecode.swift; path = "UIEdgeInsets+TS.swift"; sourceTree = "<group>"; };
		D4F868E91C7D51E50046D723 /* Float+TS.swift */ = {isa = PBXFileReference; fileEncoding = 4; lastKnownFileType = sourcecode.swift; path = "Float+TS.swift"; sourceTree = "<group>"; };
		D4F8694C1C7D56770046D723 /* FormBuilder.swift */ = {isa = PBXFileReference; fileEncoding = 4; lastKnownFileType = sourcecode.swift; path = FormBuilder.swift; sourceTree = "<group>"; };
		D4F8694D1C7D56770046D723 /* FormCitySelectViewController.swift */ = {isa = PBXFileReference; fileEncoding = 4; lastKnownFileType = sourcecode.swift; path = FormCitySelectViewController.swift; sourceTree = "<group>"; };
		D4F8694E1C7D56770046D723 /* FormDataDelegate.swift */ = {isa = PBXFileReference; fileEncoding = 4; lastKnownFileType = sourcecode.swift; path = FormDataDelegate.swift; sourceTree = "<group>"; };
		D4F8694F1C7D56770046D723 /* FormProtocol.swift */ = {isa = PBXFileReference; fileEncoding = 4; lastKnownFileType = sourcecode.swift; path = FormProtocol.swift; sourceTree = "<group>"; };
		D4F869501C7D56770046D723 /* FormSection.swift */ = {isa = PBXFileReference; fileEncoding = 4; lastKnownFileType = sourcecode.swift; path = FormSection.swift; sourceTree = "<group>"; };
		D4F869511C7D56770046D723 /* FormSelectViewController.swift */ = {isa = PBXFileReference; fileEncoding = 4; lastKnownFileType = sourcecode.swift; path = FormSelectViewController.swift; sourceTree = "<group>"; };
		D4F869521C7D56770046D723 /* FormTextInputController.swift */ = {isa = PBXFileReference; fileEncoding = 4; lastKnownFileType = sourcecode.swift; path = FormTextInputController.swift; sourceTree = "<group>"; };
		D4F869531C7D56770046D723 /* FormUtils.swift */ = {isa = PBXFileReference; fileEncoding = 4; lastKnownFileType = sourcecode.swift; path = FormUtils.swift; sourceTree = "<group>"; };
		D4F869541C7D56770046D723 /* FormValidateResult.swift */ = {isa = PBXFileReference; fileEncoding = 4; lastKnownFileType = sourcecode.swift; path = FormValidateResult.swift; sourceTree = "<group>"; };
		D4F869551C7D56770046D723 /* FormViewController.swift */ = {isa = PBXFileReference; fileEncoding = 4; lastKnownFileType = sourcecode.swift; path = FormViewController.swift; sourceTree = "<group>"; };
		D4F869571C7D56770046D723 /* FormBaseCell.swift */ = {isa = PBXFileReference; fileEncoding = 4; lastKnownFileType = sourcecode.swift; path = FormBaseCell.swift; sourceTree = "<group>"; };
		D4F869581C7D56770046D723 /* FormButtonCell.swift */ = {isa = PBXFileReference; fileEncoding = 4; lastKnownFileType = sourcecode.swift; path = FormButtonCell.swift; sourceTree = "<group>"; };
		D4F869591C7D56770046D723 /* FormCheckCell.swift */ = {isa = PBXFileReference; fileEncoding = 4; lastKnownFileType = sourcecode.swift; path = FormCheckCell.swift; sourceTree = "<group>"; };
		D4F8695A1C7D56770046D723 /* FormCitySelectCell.swift */ = {isa = PBXFileReference; fileEncoding = 4; lastKnownFileType = sourcecode.swift; path = FormCitySelectCell.swift; sourceTree = "<group>"; };
		D4F8695B1C7D56770046D723 /* FormLabelCell.swift */ = {isa = PBXFileReference; fileEncoding = 4; lastKnownFileType = sourcecode.swift; path = FormLabelCell.swift; sourceTree = "<group>"; };
		D4F8695C1C7D56770046D723 /* FormOptionTextCell.swift */ = {isa = PBXFileReference; fileEncoding = 4; lastKnownFileType = sourcecode.swift; path = FormOptionTextCell.swift; sourceTree = "<group>"; };
		D4F8695D1C7D56770046D723 /* FormSegmentedCell.swift */ = {isa = PBXFileReference; fileEncoding = 4; lastKnownFileType = sourcecode.swift; path = FormSegmentedCell.swift; sourceTree = "<group>"; };
		D4F8695E1C7D56770046D723 /* FormSwicthCell.swift */ = {isa = PBXFileReference; fileEncoding = 4; lastKnownFileType = sourcecode.swift; path = FormSwicthCell.swift; sourceTree = "<group>"; };
		D4F8695F1C7D56770046D723 /* FormTextFieldCell.swift */ = {isa = PBXFileReference; fileEncoding = 4; lastKnownFileType = sourcecode.swift; path = FormTextFieldCell.swift; sourceTree = "<group>"; };
		D4F869601C7D56770046D723 /* FormTextInputCell.swift */ = {isa = PBXFileReference; fileEncoding = 4; lastKnownFileType = sourcecode.swift; path = FormTextInputCell.swift; sourceTree = "<group>"; };
		D4F869611C7D56770046D723 /* TestNibCell.swift */ = {isa = PBXFileReference; fileEncoding = 4; lastKnownFileType = sourcecode.swift; path = TestNibCell.swift; sourceTree = "<group>"; };
		D4F869621C7D56770046D723 /* TestNibCell.xib */ = {isa = PBXFileReference; fileEncoding = 4; lastKnownFileType = file.xib; path = TestNibCell.xib; sourceTree = "<group>"; };
		D4F869641C7D56770046D723 /* area.plist */ = {isa = PBXFileReference; fileEncoding = 4; lastKnownFileType = text.plist.xml; path = area.plist; sourceTree = "<group>"; };
		D4F869661C7D56770046D723 /* KeyboardMan.swift */ = {isa = PBXFileReference; fileEncoding = 4; lastKnownFileType = sourcecode.swift; path = KeyboardMan.swift; sourceTree = "<group>"; };
		D4F869801C7D5A4C0046D723 /* WeChatViewController.swift */ = {isa = PBXFileReference; fileEncoding = 4; lastKnownFileType = sourcecode.swift; path = WeChatViewController.swift; sourceTree = "<group>"; };
		D4F869841C7D5D000046D723 /* WeChatSettingController.swift */ = {isa = PBXFileReference; fileEncoding = 4; lastKnownFileType = sourcecode.swift; path = WeChatSettingController.swift; sourceTree = "<group>"; };
/* End PBXFileReference section */

/* Begin PBXFrameworksBuildPhase section */
		D4F868B41C7D509A0046D723 /* Frameworks */ = {
			isa = PBXFrameworksBuildPhase;
			buildActionMask = 2147483647;
			files = (
			);
			runOnlyForDeploymentPostprocessing = 0;
		};
/* End PBXFrameworksBuildPhase section */

/* Begin PBXGroup section */
		D42F24051C9653040048273E /* Proposer */ = {
			isa = PBXGroup;
			children = (
				D42F24061C9653040048273E /* Proposer.swift */,
			);
			path = Proposer;
			sourceTree = "<group>";
		};
		D4922AF11C9663ED002E2D5A /* DesignableUI */ = {
			isa = PBXGroup;
			children = (
				D4922AF21C9663ED002E2D5A /* DesignableButton.swift */,
			);
			path = DesignableUI;
			sourceTree = "<group>";
		};
		D4B51A441C81C75E00B53FF9 /* ClosureKit */ = {
			isa = PBXGroup;
			children = (
				D4B51A451C81C75E00B53FF9 /* AVAudioPlayer+ClosureKit.swift */,
				D4B51A461C81C75E00B53FF9 /* AVSpeechSynthesizer+ClosureKit.swift */,
				D4B51A471C81C75E00B53FF9 /* CADisplayLink+ClosureKit.swift */,
				D4B51A481C81C75E00B53FF9 /* CLLocationManager+ClosureKit.swift */,
				D4B51A491C81C75E00B53FF9 /* MFMailComposeViewController+ClosureKit.swift */,
				D4B51A4A1C81C75E00B53FF9 /* MFMessageComposeViewController+ClosureKit.swift */,
				D4B51A4B1C81C75E00B53FF9 /* NSObject+ClosureKit.swift */,
				D4B51A4C1C81C75E00B53FF9 /* NSTimer+ClosureKit.swift */,
				D4B51A4D1C81C75E00B53FF9 /* UIBarButtonItem+ClosureKit.swift */,
				D4B51A4E1C81C75E00B53FF9 /* UIControl+ClosureKit.swift */,
				D4B51A4F1C81C75E00B53FF9 /* UIGestureRecognizer+ClosureKit.swift */,
				D4B51A501C81C75E00B53FF9 /* UIImagePickerController+ClosureKit.swift */,
				D4B51A511C81C75E00B53FF9 /* UIWebView+ClosureKit.swift */,
			);
			path = ClosureKit;
			sourceTree = "<group>";
		};
		D4F6F4181C9599550060D4CC /* Locksmith-keychain */ = {
			isa = PBXGroup;
			children = (
				D4F6F4191C9599550060D4CC /* Dictionary_Initializers.swift */,
				D4F6F41A1C9599550060D4CC /* Locksmith.h */,
				D4F6F41B1C9599550060D4CC /* Locksmith.swift */,
				D4F6F41C1C9599550060D4CC /* LocksmithAccessibleOption.swift */,
				D4F6F41D1C9599550060D4CC /* LocksmithError.swift */,
				D4F6F41E1C9599550060D4CC /* LocksmithInternetAuthenticationType.swift */,
				D4F6F41F1C9599550060D4CC /* LocksmithInternetProtocol.swift */,
				D4F6F4201C9599550060D4CC /* LocksmithSecurityClass.swift */,
			);
			path = "Locksmith-keychain";
			sourceTree = "<group>";
		};
		D4F6F4281C959A310060D4CC /* CirCleView */ = {
			isa = PBXGroup;
			children = (
				D4F6F42E1C959A7C0060D4CC /* NSTimer+CirCleView.swift */,
				D4F6F4291C959A310060D4CC /* CirCleView.swift */,
			);
			path = CirCleView;
			sourceTree = "<group>";
		};
		D4F6F42A1C959A310060D4CC /* TTPagingScrollView */ = {
			isa = PBXGroup;
			children = (
				D4F6F42B1C959A310060D4CC /* TTPagingScrollView.swift */,
			);
			path = TTPagingScrollView;
			sourceTree = "<group>";
		};
		D4F80FFF1C9841FF0071C794 /* TTAnimate */ = {
			isa = PBXGroup;
			children = (
				D4F810001C9841FF0071C794 /* TTAnimate.swift */,
				D4F810011C9841FF0071C794 /* UIView+TTAnimate.swift */,
			);
			path = TTAnimate;
			sourceTree = "<group>";
		};
		D4F868AE1C7D509A0046D723 = {
			isa = PBXGroup;
			children = (
				D4F868B91C7D509A0046D723 /* TTKit */,
				D4F868B81C7D509A0046D723 /* Products */,
			);
			sourceTree = "<group>";
		};
		D4F868B81C7D509A0046D723 /* Products */ = {
			isa = PBXGroup;
			children = (
				D4F868B71C7D509A0046D723 /* TTKit.app */,
			);
			name = Products;
			sourceTree = "<group>";
		};
		D4F868B91C7D509A0046D723 /* TTKit */ = {
			isa = PBXGroup;
			children = (
				D4F869481C7D54C40046D723 /* Components */,
				D4F868D21C7D51E50046D723 /* Store */,
				D4F868D91C7D51E50046D723 /* Utils */,
				D4F869201C7D51E50046D723 /* Vendor */,
				D4F869821C7D5C700046D723 /* Demo */,
				D4F868BA1C7D509A0046D723 /* AppDelegate.swift */,
				D4F868BC1C7D509A0046D723 /* ViewController.swift */,
				D4F868BE1C7D509A0046D723 /* Main.storyboard */,
				D4F868C11C7D509A0046D723 /* Assets.xcassets */,
				D4F868C31C7D509A0046D723 /* LaunchScreen.storyboard */,
				D4F868C61C7D509A0046D723 /* Info.plist */,
			);
			path = TTKit;
			sourceTree = "<group>";
		};
		D4F868D21C7D51E50046D723 /* Store */ = {
			isa = PBXGroup;
			children = (
			);
			path = Store;
			sourceTree = "<group>";
		};
		D4F868D91C7D51E50046D723 /* Utils */ = {
			isa = PBXGroup;
			children = (
				D4F868DA1C7D51E50046D723 /* Foundation */,
				D4F868E11C7D51E50046D723 /* Quartz */,
				D4F868E81C7D51E50046D723 /* Swift */,
				D4F868EA1C7D51E50046D723 /* UIKit */,
				D4F869071C7D51E50046D723 /* Utility */,
			);
			path = Utils;
			sourceTree = "<group>";
		};
		D4F868DA1C7D51E50046D723 /* Foundation */ = {
			isa = PBXGroup;
			children = (
				D4F868DB1C7D51E50046D723 /* NSArray+TS.swift */,
				D4F868DC1C7D51E50046D723 /* NSDate+TS.swift */,
				D4F868DD1C7D51E50046D723 /* NSDictionary+TS.swift */,
				D4F868DE1C7D51E50046D723 /* NSNotificationCenter+TS.swift */,
				D4F868DF1C7D51E50046D723 /* NSString+TS.swift */,
				D4F868E01C7D51E50046D723 /* NSTimer+TS.swift */,
			);
			path = Foundation;
			sourceTree = "<group>";
		};
		D4F868E11C7D51E50046D723 /* Quartz */ = {
			isa = PBXGroup;
			children = (
				D4F868E21C7D51E50046D723 /* CALayer+TS.swift */,
				D4F868E31C7D51E50046D723 /* CGPoint+TS.swift */,
				D4F868E41C7D51E50046D723 /* CGRect+TS.swift */,
				D4F868E51C7D51E50046D723 /* CGSize+TS.swift */,
				D4F868E61C7D51E50046D723 /* TSCGUtilities.swift */,
				D4F868E71C7D51E50046D723 /* UIEdgeInsets+TS.swift */,
			);
			path = Quartz;
			sourceTree = "<group>";
		};
		D4F868E81C7D51E50046D723 /* Swift */ = {
			isa = PBXGroup;
			children = (
				D4F868E91C7D51E50046D723 /* Float+TS.swift */,
			);
			path = Swift;
			sourceTree = "<group>";
		};
		D4F868EA1C7D51E50046D723 /* UIKit */ = {
			isa = PBXGroup;
			children = (
				D4B157B41C95468700FE98EA /* UIApplication+TT.swift */,
				D4B157B61C954C4F00FE98EA /* UIColor+TT.swift */,
				D4B157B81C95537800FE98EA /* UIDevice+TT.swift */,
				D4B157BA1C955CFC00FE98EA /* UIScreen+TT.swift */,
				D4B157BE1C95640400FE98EA /* UIView+TT.swift */,
				D4F6F4161C9573090060D4CC /* UIImage+TT.swift */,
				D4CBEB051C990B4A002EDE45 /* UIButton+TT.swift */,
				D407845B1C99641A00051471 /* UITabBarController+TT.swift */,
			);
			path = UIKit;
			sourceTree = "<group>";
		};
		D4F869071C7D51E50046D723 /* Utility */ = {
			isa = PBXGroup;
			children = (
				D4CBEB091C991523002EDE45 /* LocalNotifycation.swift */,
			);
			path = Utility;
			sourceTree = "<group>";
		};
		D4F869201C7D51E50046D723 /* Vendor */ = {
			isa = PBXGroup;
			children = (
				D4F80FFF1C9841FF0071C794 /* TTAnimate */,
				D42F24051C9653040048273E /* Proposer */,
				D4F6F4181C9599550060D4CC /* Locksmith-keychain */,
				D4B51A441C81C75E00B53FF9 /* ClosureKit */,
			);
			path = Vendor;
			sourceTree = "<group>";
		};
		D4F869481C7D54C40046D723 /* Components */ = {
			isa = PBXGroup;
			children = (
				D4F869491C7D54C40046D723 /* UIComponents */,
			);
			path = Components;
			sourceTree = "<group>";
		};
		D4F869491C7D54C40046D723 /* UIComponents */ = {
			isa = PBXGroup;
			children = (
				D4922AF11C9663ED002E2D5A /* DesignableUI */,
				D4F6F4281C959A310060D4CC /* CirCleView */,
				D4F6F42A1C959A310060D4CC /* TTPagingScrollView */,
				D4F8694A1C7D56770046D723 /* FormKit */,
			);
			path = UIComponents;
			sourceTree = "<group>";
		};
		D4F8694A1C7D56770046D723 /* FormKit */ = {
			isa = PBXGroup;
			children = (
				D4F8694B1C7D56770046D723 /* Form */,
				D4F869561C7D56770046D723 /* FormCells */,
				D4F869631C7D56770046D723 /* Res */,
				D4F869651C7D56770046D723 /* vendor */,
			);
			path = FormKit;
			sourceTree = "<group>";
		};
		D4F8694B1C7D56770046D723 /* Form */ = {
			isa = PBXGroup;
			children = (
				D4F8694C1C7D56770046D723 /* FormBuilder.swift */,
				D4F8694D1C7D56770046D723 /* FormCitySelectViewController.swift */,
				D4F8694E1C7D56770046D723 /* FormDataDelegate.swift */,
				D4F8694F1C7D56770046D723 /* FormProtocol.swift */,
				D4F869501C7D56770046D723 /* FormSection.swift */,
				D4F869511C7D56770046D723 /* FormSelectViewController.swift */,
				D4F869521C7D56770046D723 /* FormTextInputController.swift */,
				D4F869531C7D56770046D723 /* FormUtils.swift */,
				D4F869541C7D56770046D723 /* FormValidateResult.swift */,
				D4F869551C7D56770046D723 /* FormViewController.swift */,
			);
			path = Form;
			sourceTree = "<group>";
		};
		D4F869561C7D56770046D723 /* FormCells */ = {
			isa = PBXGroup;
			children = (
				D4F869571C7D56770046D723 /* FormBaseCell.swift */,
				D4F869581C7D56770046D723 /* FormButtonCell.swift */,
				D4F869591C7D56770046D723 /* FormCheckCell.swift */,
				D4F8695A1C7D56770046D723 /* FormCitySelectCell.swift */,
				D4F8695B1C7D56770046D723 /* FormLabelCell.swift */,
				D4F8695C1C7D56770046D723 /* FormOptionTextCell.swift */,
				D4F8695D1C7D56770046D723 /* FormSegmentedCell.swift */,
				D4F8695E1C7D56770046D723 /* FormSwicthCell.swift */,
				D4F8695F1C7D56770046D723 /* FormTextFieldCell.swift */,
				D4F869601C7D56770046D723 /* FormTextInputCell.swift */,
				D4F869611C7D56770046D723 /* TestNibCell.swift */,
				D4F869621C7D56770046D723 /* TestNibCell.xib */,
			);
			path = FormCells;
			sourceTree = "<group>";
		};
		D4F869631C7D56770046D723 /* Res */ = {
			isa = PBXGroup;
			children = (
				D4F869641C7D56770046D723 /* area.plist */,
			);
			path = Res;
			sourceTree = "<group>";
		};
		D4F869651C7D56770046D723 /* vendor */ = {
			isa = PBXGroup;
			children = (
				D4F869661C7D56770046D723 /* KeyboardMan.swift */,
			);
			path = vendor;
			sourceTree = "<group>";
		};
		D4F869821C7D5C700046D723 /* Demo */ = {
			isa = PBXGroup;
			children = (
				D4F869861C7D60AE0046D723 /* NetKit */,
				D4F869831C7D5C900046D723 /* WeChat */,
			);
			name = Demo;
			sourceTree = "<group>";
		};
		D4F869831C7D5C900046D723 /* WeChat */ = {
			isa = PBXGroup;
			children = (
				D4F869801C7D5A4C0046D723 /* WeChatViewController.swift */,
				D4F869841C7D5D000046D723 /* WeChatSettingController.swift */,
			);
			name = WeChat;
			sourceTree = "<group>";
		};
		D4F869861C7D60AE0046D723 /* NetKit */ = {
			isa = PBXGroup;
			children = (
			);
			name = NetKit;
			sourceTree = "<group>";
		};
/* End PBXGroup section */

/* Begin PBXNativeTarget section */
		D4F868B61C7D509A0046D723 /* TTKit */ = {
			isa = PBXNativeTarget;
			buildConfigurationList = D4F868C91C7D509A0046D723 /* Build configuration list for PBXNativeTarget "TTKit" */;
			buildPhases = (
				D4F868B31C7D509A0046D723 /* Sources */,
				D4F868B41C7D509A0046D723 /* Frameworks */,
				D4F868B51C7D509A0046D723 /* Resources */,
			);
			buildRules = (
			);
			dependencies = (
			);
			name = TTKit;
			productName = TTKit;
			productReference = D4F868B71C7D509A0046D723 /* TTKit.app */;
			productType = "com.apple.product-type.application";
		};
/* End PBXNativeTarget section */

/* Begin PBXProject section */
		D4F868AF1C7D509A0046D723 /* Project object */ = {
			isa = PBXProject;
			attributes = {
				LastSwiftUpdateCheck = 0720;
				LastUpgradeCheck = 0720;
				ORGANIZATIONNAME = tanson;
				TargetAttributes = {
					D4F868B61C7D509A0046D723 = {
						CreatedOnToolsVersion = 7.2;
						DevelopmentTeam = 22EJHDNHE4;
					};
				};
			};
			buildConfigurationList = D4F868B21C7D509A0046D723 /* Build configuration list for PBXProject "TTKit" */;
			compatibilityVersion = "Xcode 3.2";
			developmentRegion = English;
			hasScannedForEncodings = 0;
			knownRegions = (
				en,
				Base,
			);
			mainGroup = D4F868AE1C7D509A0046D723;
			productRefGroup = D4F868B81C7D509A0046D723 /* Products */;
			projectDirPath = "";
			projectRoot = "";
			targets = (
				D4F868B61C7D509A0046D723 /* TTKit */,
			);
		};
/* End PBXProject section */

/* Begin PBXResourcesBuildPhase section */
		D4F868B51C7D509A0046D723 /* Resources */ = {
			isa = PBXResourcesBuildPhase;
			buildActionMask = 2147483647;
			files = (
				D4F868C51C7D509A0046D723 /* LaunchScreen.storyboard in Resources */,
				D4F8697D1C7D56770046D723 /* area.plist in Resources */,
				D4F8697C1C7D56770046D723 /* TestNibCell.xib in Resources */,
				D4F868C21C7D509A0046D723 /* Assets.xcassets in Resources */,
				D4F868C01C7D509A0046D723 /* Main.storyboard in Resources */,
			);
			runOnlyForDeploymentPostprocessing = 0;
		};
/* End PBXResourcesBuildPhase section */

/* Begin PBXSourcesBuildPhase section */
		D4F868B31C7D509A0046D723 /* Sources */ = {
			isa = PBXSourcesBuildPhase;
			buildActionMask = 2147483647;
			files = (
				D4F6F4221C9599550060D4CC /* Locksmith.swift in Sources */,
				D4F6F4241C9599550060D4CC /* LocksmithError.swift in Sources */,
				D4B51A581C81C75E00B53FF9 /* NSObject+ClosureKit.swift in Sources */,
				D4F6F4261C9599550060D4CC /* LocksmithInternetProtocol.swift in Sources */,
				D4F869271C7D51E50046D723 /* CALayer+TS.swift in Sources */,
				D4F6F42D1C959A310060D4CC /* TTPagingScrollView.swift in Sources */,
				D4F6F4251C9599550060D4CC /* LocksmithInternetAuthenticationType.swift in Sources */,
				D4B51A541C81C75E00B53FF9 /* CADisplayLink+ClosureKit.swift in Sources */,
				D4F869791C7D56770046D723 /* FormTextFieldCell.swift in Sources */,
				D4F869851C7D5D000046D723 /* WeChatSettingController.swift in Sources */,
				D4B51A531C81C75E00B53FF9 /* AVSpeechSynthesizer+ClosureKit.swift in Sources */,
				D4F8697A1C7D56770046D723 /* FormTextInputCell.swift in Sources */,
				D4F810031C9841FF0071C794 /* UIView+TTAnimate.swift in Sources */,
				D4F8696B1C7D56770046D723 /* FormSection.swift in Sources */,
				D4F869771C7D56770046D723 /* FormSegmentedCell.swift in Sources */,
				D4F6F4231C9599550060D4CC /* LocksmithAccessibleOption.swift in Sources */,
				D4F8692A1C7D51E50046D723 /* CGSize+TS.swift in Sources */,
				D4F869281C7D51E50046D723 /* CGPoint+TS.swift in Sources */,
				D4B51A5B1C81C75E00B53FF9 /* UIControl+ClosureKit.swift in Sources */,
				D4F8692B1C7D51E50046D723 /* TSCGUtilities.swift in Sources */,
				D4B51A5D1C81C75E00B53FF9 /* UIImagePickerController+ClosureKit.swift in Sources */,
				D4F869761C7D56770046D723 /* FormOptionTextCell.swift in Sources */,
				D4F868BD1C7D509A0046D723 /* ViewController.swift in Sources */,
				D4B157B51C95468700FE98EA /* UIApplication+TT.swift in Sources */,
				D4922AF31C9663ED002E2D5A /* DesignableButton.swift in Sources */,
				D4B51A5E1C81C75E00B53FF9 /* UIWebView+ClosureKit.swift in Sources */,
				D4F868BB1C7D509A0046D723 /* AppDelegate.swift in Sources */,
				D4B51A591C81C75E00B53FF9 /* NSTimer+ClosureKit.swift in Sources */,
				D4F869211C7D51E50046D723 /* NSArray+TS.swift in Sources */,
				D4F869671C7D56770046D723 /* FormBuilder.swift in Sources */,
				D4F810021C9841FF0071C794 /* TTAnimate.swift in Sources */,
				D4B51A5A1C81C75E00B53FF9 /* UIBarButtonItem+ClosureKit.swift in Sources */,
				D4F8697B1C7D56770046D723 /* TestNibCell.swift in Sources */,
				D4F869721C7D56770046D723 /* FormButtonCell.swift in Sources */,
				D4F8697E1C7D56770046D723 /* KeyboardMan.swift in Sources */,
				D4F8692D1C7D51E50046D723 /* Float+TS.swift in Sources */,
				D4F6F4211C9599550060D4CC /* Dictionary_Initializers.swift in Sources */,
				D4F6F4271C9599550060D4CC /* LocksmithSecurityClass.swift in Sources */,
				D4F869291C7D51E50046D723 /* CGRect+TS.swift in Sources */,
				D4B51A571C81C75E00B53FF9 /* MFMessageComposeViewController+ClosureKit.swift in Sources */,
				D4F6F4171C9573090060D4CC /* UIImage+TT.swift in Sources */,
				D4F869221C7D51E50046D723 /* NSDate+TS.swift in Sources */,
				D4F869231C7D51E50046D723 /* NSDictionary+TS.swift in Sources */,
				D4B157BF1C95640400FE98EA /* UIView+TT.swift in Sources */,
				D4B51A5C1C81C75E00B53FF9 /* UIGestureRecognizer+ClosureKit.swift in Sources */,
				D4F8696D1C7D56770046D723 /* FormTextInputController.swift in Sources */,
				D4F8696C1C7D56770046D723 /* FormSelectViewController.swift in Sources */,
				D4B157BB1C955CFC00FE98EA /* UIScreen+TT.swift in Sources */,
				D4B51A521C81C75E00B53FF9 /* AVAudioPlayer+ClosureKit.swift in Sources */,
				D4F869731C7D56770046D723 /* FormCheckCell.swift in Sources */,
				D4F869251C7D51E50046D723 /* NSString+TS.swift in Sources */,
				D407845C1C99641A00051471 /* UITabBarController+TT.swift in Sources */,
				D4F8696F1C7D56770046D723 /* FormValidateResult.swift in Sources */,
				D4F869741C7D56770046D723 /* FormCitySelectCell.swift in Sources */,
				D4B157B91C95537800FE98EA /* UIDevice+TT.swift in Sources */,
				D4F8692C1C7D51E50046D723 /* UIEdgeInsets+TS.swift in Sources */,
				D4F869691C7D56770046D723 /* FormDataDelegate.swift in Sources */,
				D4CBEB061C990B4A002EDE45 /* UIButton+TT.swift in Sources */,
				D4F6F42F1C959A7C0060D4CC /* NSTimer+CirCleView.swift in Sources */,
				D4F869811C7D5A4C0046D723 /* WeChatViewController.swift in Sources */,
				D4F8696E1C7D56770046D723 /* FormUtils.swift in Sources */,
				D4F8696A1C7D56770046D723 /* FormProtocol.swift in Sources */,
				D4B51A551C81C75E00B53FF9 /* CLLocationManager+ClosureKit.swift in Sources */,
				D4CBEB0A1C991523002EDE45 /* LocalNotifycation.swift in Sources */,
				D4F869241C7D51E50046D723 /* NSNotificationCenter+TS.swift in Sources */,
				D4F869261C7D51E50046D723 /* NSTimer+TS.swift in Sources */,
				D4F869701C7D56770046D723 /* FormViewController.swift in Sources */,
				D4F869711C7D56770046D723 /* FormBaseCell.swift in Sources */,
				D4F869781C7D56770046D723 /* FormSwicthCell.swift in Sources */,
				D42F24071C9653040048273E /* Proposer.swift in Sources */,
				D4B157B71C954C4F00FE98EA /* UIColor+TT.swift in Sources */,
				D4F6F42C1C959A310060D4CC /* CirCleView.swift in Sources */,
				D4F869751C7D56770046D723 /* FormLabelCell.swift in Sources */,
				D4B51A561C81C75E00B53FF9 /* MFMailComposeViewController+ClosureKit.swift in Sources */,
				D4F869681C7D56770046D723 /* FormCitySelectViewController.swift in Sources */,
			);
			runOnlyForDeploymentPostprocessing = 0;
		};
/* End PBXSourcesBuildPhase section */

/* Begin PBXVariantGroup section */
		D4F868BE1C7D509A0046D723 /* Main.storyboard */ = {
			isa = PBXVariantGroup;
			children = (
				D4F868BF1C7D509A0046D723 /* Base */,
			);
			name = Main.storyboard;
			sourceTree = "<group>";
		};
		D4F868C31C7D509A0046D723 /* LaunchScreen.storyboard */ = {
			isa = PBXVariantGroup;
			children = (
				D4F868C41C7D509A0046D723 /* Base */,
			);
			name = LaunchScreen.storyboard;
			sourceTree = "<group>";
		};
/* End PBXVariantGroup section */

/* Begin XCBuildConfiguration section */
		D4F868C71C7D509A0046D723 /* Debug */ = {
			isa = XCBuildConfiguration;
			buildSettings = {
				ALWAYS_SEARCH_USER_PATHS = NO;
				CLANG_CXX_LANGUAGE_STANDARD = "gnu++0x";
				CLANG_CXX_LIBRARY = "libc++";
				CLANG_ENABLE_MODULES = YES;
				CLANG_ENABLE_OBJC_ARC = YES;
				CLANG_WARN_BOOL_CONVERSION = YES;
				CLANG_WARN_CONSTANT_CONVERSION = YES;
				CLANG_WARN_DIRECT_OBJC_ISA_USAGE = YES_ERROR;
				CLANG_WARN_EMPTY_BODY = YES;
				CLANG_WARN_ENUM_CONVERSION = YES;
				CLANG_WARN_INT_CONVERSION = YES;
				CLANG_WARN_OBJC_ROOT_CLASS = YES_ERROR;
				CLANG_WARN_UNREACHABLE_CODE = YES;
				CLANG_WARN__DUPLICATE_METHOD_MATCH = YES;
				"CODE_SIGN_IDENTITY[sdk=iphoneos*]" = "iPhone Developer";
				COPY_PHASE_STRIP = NO;
				DEBUG_INFORMATION_FORMAT = dwarf;
				ENABLE_STRICT_OBJC_MSGSEND = YES;
				ENABLE_TESTABILITY = YES;
				GCC_C_LANGUAGE_STANDARD = gnu99;
				GCC_DYNAMIC_NO_PIC = NO;
				GCC_NO_COMMON_BLOCKS = YES;
				GCC_OPTIMIZATION_LEVEL = 0;
				GCC_PREPROCESSOR_DEFINITIONS = (
					"DEBUG=1",
					"$(inherited)",
				);
				GCC_WARN_64_TO_32_BIT_CONVERSION = YES;
				GCC_WARN_ABOUT_RETURN_TYPE = YES_ERROR;
				GCC_WARN_UNDECLARED_SELECTOR = YES;
				GCC_WARN_UNINITIALIZED_AUTOS = YES_AGGRESSIVE;
				GCC_WARN_UNUSED_FUNCTION = YES;
				GCC_WARN_UNUSED_VARIABLE = YES;
				IPHONEOS_DEPLOYMENT_TARGET = 8.0;
				MTL_ENABLE_DEBUG_INFO = YES;
				ONLY_ACTIVE_ARCH = YES;
				SDKROOT = iphoneos;
				SWIFT_OPTIMIZATION_LEVEL = "-Onone";
			};
			name = Debug;
		};
		D4F868C81C7D509A0046D723 /* Release */ = {
			isa = XCBuildConfiguration;
			buildSettings = {
				ALWAYS_SEARCH_USER_PATHS = NO;
				CLANG_CXX_LANGUAGE_STANDARD = "gnu++0x";
				CLANG_CXX_LIBRARY = "libc++";
				CLANG_ENABLE_MODULES = YES;
				CLANG_ENABLE_OBJC_ARC = YES;
				CLANG_WARN_BOOL_CONVERSION = YES;
				CLANG_WARN_CONSTANT_CONVERSION = YES;
				CLANG_WARN_DIRECT_OBJC_ISA_USAGE = YES_ERROR;
				CLANG_WARN_EMPTY_BODY = YES;
				CLANG_WARN_ENUM_CONVERSION = YES;
				CLANG_WARN_INT_CONVERSION = YES;
				CLANG_WARN_OBJC_ROOT_CLASS = YES_ERROR;
				CLANG_WARN_UNREACHABLE_CODE = YES;
				CLANG_WARN__DUPLICATE_METHOD_MATCH = YES;
				"CODE_SIGN_IDENTITY[sdk=iphoneos*]" = "iPhone Developer";
				COPY_PHASE_STRIP = NO;
				DEBUG_INFORMATION_FORMAT = "dwarf-with-dsym";
				ENABLE_NS_ASSERTIONS = NO;
				ENABLE_STRICT_OBJC_MSGSEND = YES;
				GCC_C_LANGUAGE_STANDARD = gnu99;
				GCC_NO_COMMON_BLOCKS = YES;
				GCC_WARN_64_TO_32_BIT_CONVERSION = YES;
				GCC_WARN_ABOUT_RETURN_TYPE = YES_ERROR;
				GCC_WARN_UNDECLARED_SELECTOR = YES;
				GCC_WARN_UNINITIALIZED_AUTOS = YES_AGGRESSIVE;
				GCC_WARN_UNUSED_FUNCTION = YES;
				GCC_WARN_UNUSED_VARIABLE = YES;
				IPHONEOS_DEPLOYMENT_TARGET = 8.0;
				MTL_ENABLE_DEBUG_INFO = NO;
				SDKROOT = iphoneos;
				VALIDATE_PRODUCT = YES;
			};
			name = Release;
		};
		D4F868CA1C7D509A0046D723 /* Debug */ = {
			isa = XCBuildConfiguration;
			buildSettings = {
				ASSETCATALOG_COMPILER_APPICON_NAME = AppIcon;
				CLANG_ENABLE_MODULES = YES;
				INFOPLIST_FILE = TTKit/Info.plist;
				IPHONEOS_DEPLOYMENT_TARGET = 8.0;
				LD_RUNPATH_SEARCH_PATHS = "$(inherited) @executable_path/Frameworks";
				PRODUCT_BUNDLE_IDENTIFIER = com.tanson.TTKit.TTKit;
				PRODUCT_NAME = "$(TARGET_NAME)";
				SWIFT_OPTIMIZATION_LEVEL = "-Onone";
			};
			name = Debug;
		};
		D4F868CB1C7D509A0046D723 /* Release */ = {
			isa = XCBuildConfiguration;
			buildSettings = {
				ASSETCATALOG_COMPILER_APPICON_NAME = AppIcon;
				CLANG_ENABLE_MODULES = YES;
				INFOPLIST_FILE = TTKit/Info.plist;
				IPHONEOS_DEPLOYMENT_TARGET = 8.0;
				LD_RUNPATH_SEARCH_PATHS = "$(inherited) @executable_path/Frameworks";
				PRODUCT_BUNDLE_IDENTIFIER = com.tanson.TTKit.TTKit;
				PRODUCT_NAME = "$(TARGET_NAME)";
			};
			name = Release;
		};
/* End XCBuildConfiguration section */

/* Begin XCConfigurationList section */
		D4F868B21C7D509A0046D723 /* Build configuration list for PBXProject "TTKit" */ = {
			isa = XCConfigurationList;
			buildConfigurations = (
				D4F868C71C7D509A0046D723 /* Debug */,
				D4F868C81C7D509A0046D723 /* Release */,
			);
			defaultConfigurationIsVisible = 0;
			defaultConfigurationName = Release;
		};
		D4F868C91C7D509A0046D723 /* Build configuration list for PBXNativeTarget "TTKit" */ = {
			isa = XCConfigurationList;
			buildConfigurations = (
				D4F868CA1C7D509A0046D723 /* Debug */,
				D4F868CB1C7D509A0046D723 /* Release */,
			);
			defaultConfigurationIsVisible = 0;
			defaultConfigurationName = Release;
		};
/* End XCConfigurationList section */
	};
	rootObject = D4F868AF1C7D509A0046D723 /* Project object */;
}
